
Microsoft Visual Studio Solution File, Format Version 12.00
# Visual Studio Version 16
VisualStudioVersion = 16.0.30907.101
MinimumVisualStudioVersion = 10.0.40219.1
Project("{9A19103F-16F7-4668-BE54-9A1E7A4F7556}") = "DistributionService", "SimbrellaEx1\DistributionService.csproj", "{E34267F1-227B-484E-9482-699A072FC4BC}"
EndProject
Project("{FAE04EC0-301F-11D3-BF4B-00C04F79EFBC}") = "TextService", "TextService\TextService.csproj", "{76D26709-37CE-428F-AFA5-15AFB2F022C2}"
EndProject
Project("{FAE04EC0-301F-11D3-BF4B-00C04F79EFBC}") = "StoreService", "StoreService\StoreService.csproj", "{015ABC53-B6D9-43FC-B0EA-71F8BB1B4898}"
EndProject
Project("{FAE04EC0-301F-11D3-BF4B-00C04F79EFBC}") = "NumericService", "NumericService\NumericService.csproj", "{EFBAF6EC-7BFD-455E-99D2-B22F6A97FD0B}"
EndProject
Project("{FAE04EC0-301F-11D3-BF4B-00C04F79EFBC}") = "DateService", "DateService\DateService.csproj", "{CDD40767-0B54-44CF-837B-DB04C927FCDC}"
EndProject
Global
	GlobalSection(SolutionConfigurationPlatforms) = preSolution
		Debug|Any CPU = Debug|Any CPU
		Release|Any CPU = Release|Any CPU
	EndGlobalSection
	GlobalSection(ProjectConfigurationPlatforms) = postSolution
		{E34267F1-227B-484E-9482-699A072FC4BC}.Debug|Any CPU.ActiveCfg = Debug|Any CPU
		{E34267F1-227B-484E-9482-699A072FC4BC}.Debug|Any CPU.Build.0 = Debug|Any CPU
		{E34267F1-227B-484E-9482-699A072FC4BC}.Release|Any CPU.ActiveCfg = Release|Any CPU
		{E34267F1-227B-484E-9482-699A072FC4BC}.Release|Any CPU.Build.0 = Release|Any CPU
		{76D26709-37CE-428F-AFA5-15AFB2F022C2}.Debug|Any CPU.ActiveCfg = Debug|Any CPU
		{76D26709-37CE-428F-AFA5-15AFB2F022C2}.Debug|Any CPU.Build.0 = Debug|Any CPU
		{76D26709-37CE-428F-AFA5-15AFB2F022C2}.Release|Any CPU.ActiveCfg = Release|Any CPU
		{76D26709-37CE-428F-AFA5-15AFB2F022C2}.Release|Any CPU.Build.0 = Release|Any CPU
		{015ABC53-B6D9-43FC-B0EA-71F8BB1B4898}.Debug|Any CPU.ActiveCfg = Debug|Any CPU
		{015ABC53-B6D9-43FC-B0EA-71F8BB1B4898}.Debug|Any CPU.Build.0 = Debug|Any CPU
		{015ABC53-B6D9-43FC-B0EA-71F8BB1B4898}.Release|Any CPU.ActiveCfg = Release|Any CPU
		{015ABC53-B6D9-43FC-B0EA-71F8BB1B4898}.Release|Any CPU.Build.0 = Release|Any CPU
		{EFBAF6EC-7BFD-455E-99D2-B22F6A97FD0B}.Debug|Any CPU.ActiveCfg = Debug|Any CPU
		{EFBAF6EC-7BFD-455E-99D2-B22F6A97FD0B}.Debug|Any CPU.Build.0 = Debug|Any CPU
		{EFBAF6EC-7BFD-455E-99D2-B22F6A97FD0B}.Release|Any CPU.ActiveCfg = Release|Any CPU
		{EFBAF6EC-7BFD-455E-99D2-B22F6A97FD0B}.Release|Any CPU.Build.0 = Release|Any CPU
		{CDD40767-0B54-44CF-837B-DB04C927FCDC}.Debug|Any CPU.ActiveCfg = Debug|Any CPU
		{CDD40767-0B54-44CF-837B-DB04C927FCDC}.Debug|Any CPU.Build.0 = Debug|Any CPU
		{CDD40767-0B54-44CF-837B-DB04C927FCDC}.Release|Any CPU.ActiveCfg = Release|Any CPU
		{CDD40767-0B54-44CF-837B-DB04C927FCDC}.Release|Any CPU.Build.0 = Release|Any CPU
	EndGlobalSection
	GlobalSection(SolutionProperties) = preSolution
		HideSolutionNode = FALSE
	EndGlobalSection
	GlobalSection(ExtensibilityGlobals) = postSolution
		SolutionGuid = {53CA2269-3D26-4425-8D60-B3D1FFEA27DD}
	EndGlobalSection
EndGlobal
